
Microsoft Visual Studio Solution File, Format Version 12.00
# Visual Studio Version 16
VisualStudioVersion = 16.0.29519.87
MinimumVisualStudioVersion = 10.0.40219.1
Project("{FAE04EC0-301F-11D3-BF4B-00C04F79EFBC}") = "Virsta_Roxana_Proiect", "Virsta_Roxana_Proiect.csproj", "{C92CCAD1-FDCD-4229-BC1E-8D07D1A3AF84}"
EndProject
Global
	GlobalSection(SolutionConfigurationPlatforms) = preSolution
		Debug|Any CPU = Debug|Any CPU
		Release|Any CPU = Release|Any CPU
	EndGlobalSection
	GlobalSection(ProjectConfigurationPlatforms) = postSolution
		{C92CCAD1-FDCD-4229-BC1E-8D07D1A3AF84}.Debug|Any CPU.ActiveCfg = Debug|Any CPU
		{C92CCAD1-FDCD-4229-BC1E-8D07D1A3AF84}.Debug|Any CPU.Build.0 = Debug|Any CPU
		{C92CCAD1-FDCD-4229-BC1E-8D07D1A3AF84}.Release|Any CPU.ActiveCfg = Release|Any CPU
		{C92CCAD1-FDCD-4229-BC1E-8D07D1A3AF84}.Release|Any CPU.Build.0 = Release|Any CPU
	EndGlobalSection
	GlobalSection(SolutionProperties) = preSolution
		HideSolutionNode = FALSE
	EndGlobalSection
	GlobalSection(ExtensibilityGlobals) = postSolution
		SolutionGuid = {D01AC864-E4FE-4D76-8D06-0D395ECB2CD6}
	EndGlobalSection
EndGlobal
